// !$*UTF8*$!
{
	archiveVersion = 1;
	classes = {
	};
	objectVersion = 56;
	objects = {

/* Begin PBXBuildFile section */
		0B202DF22BB48907000FF901 /* ShipHaulOSXApp.swift in Sources */ = {isa = PBXBuildFile; fileRef = 0B202DF12BB48907000FF901 /* ShipHaulOSXApp.swift */; };
		0B202DF42BB48907000FF901 /* ContentView.swift in Sources */ = {isa = PBXBuildFile; fileRef = 0B202DF32BB48907000FF901 /* ContentView.swift */; };
		0B202DF62BB48909000FF901 /* Assets.xcassets in Resources */ = {isa = PBXBuildFile; fileRef = 0B202DF52BB48909000FF901 /* Assets.xcassets */; };
		0B202DF92BB48909000FF901 /* Preview Assets.xcassets in Resources */ = {isa = PBXBuildFile; fileRef = 0B202DF82BB48909000FF901 /* Preview Assets.xcassets */; };
		0B202E042BB48909000FF901 /* ShipHaulOSXTests.swift in Sources */ = {isa = PBXBuildFile; fileRef = 0B202E032BB48909000FF901 /* ShipHaulOSXTests.swift */; };
		0B202E0E2BB48909000FF901 /* ShipHaulOSXUITests.swift in Sources */ = {isa = PBXBuildFile; fileRef = 0B202E0D2BB48909000FF901 /* ShipHaulOSXUITests.swift */; };
		0B202E102BB48909000FF901 /* ShipHaulOSXUITestsLaunchTests.swift in Sources */ = {isa = PBXBuildFile; fileRef = 0B202E0F2BB48909000FF901 /* ShipHaulOSXUITestsLaunchTests.swift */; };
		0B202E1E2BB48CBC000FF901 /* libLookoutWebRenderer.dylib in Frameworks */ = {isa = PBXBuildFile; fileRef = 0B202E1D2BB48CBC000FF901 /* libLookoutWebRenderer.dylib */; };
		0B202E1F2BB48EEC000FF901 /* libLookoutWebRenderer.dylib in Resources */ = {isa = PBXBuildFile; fileRef = 0B202E1D2BB48CBC000FF901 /* libLookoutWebRenderer.dylib */; };
/* End PBXBuildFile section */

/* Begin PBXContainerItemProxy section */
		0B202E002BB48909000FF901 /* PBXContainerItemProxy */ = {
			isa = PBXContainerItemProxy;
			containerPortal = 0B202DE62BB48907000FF901 /* Project object */;
			proxyType = 1;
			remoteGlobalIDString = 0B202DED2BB48907000FF901;
			remoteInfo = ShipHaulOSX;
		};
		0B202E0A2BB48909000FF901 /* PBXContainerItemProxy */ = {
			isa = PBXContainerItemProxy;
			containerPortal = 0B202DE62BB48907000FF901 /* Project object */;
			proxyType = 1;
			remoteGlobalIDString = 0B202DED2BB48907000FF901;
			remoteInfo = ShipHaulOSX;
		};
/* End PBXContainerItemProxy section */

/* Begin PBXFileReference section */
		0B202DEE2BB48907000FF901 /* ShipHaulOSX.app */ = {isa = PBXFileReference; explicitFileType = wrapper.application; includeInIndex = 0; path = ShipHaulOSX.app; sourceTree = BUILT_PRODUCTS_DIR; };
		0B202DF12BB48907000FF901 /* ShipHaulOSXApp.swift */ = {isa = PBXFileReference; lastKnownFileType = sourcecode.swift; path = ShipHaulOSXApp.swift; sourceTree = "<group>"; };
		0B202DF32BB48907000FF901 /* ContentView.swift */ = {isa = PBXFileReference; lastKnownFileType = sourcecode.swift; path = ContentView.swift; sourceTree = "<group>"; };
		0B202DF52BB48909000FF901 /* Assets.xcassets */ = {isa = PBXFileReference; lastKnownFileType = folder.assetcatalog; path = Assets.xcassets; sourceTree = "<group>"; };
		0B202DF82BB48909000FF901 /* Preview Assets.xcassets */ = {isa = PBXFileReference; lastKnownFileType = folder.assetcatalog; path = "Preview Assets.xcassets"; sourceTree = "<group>"; };
		0B202DFA2BB48909000FF901 /* ShipHaulOSX.entitlements */ = {isa = PBXFileReference; lastKnownFileType = text.plist.entitlements; path = ShipHaulOSX.entitlements; sourceTree = "<group>"; };
		0B202DFF2BB48909000FF901 /* ShipHaulOSXTests.xctest */ = {isa = PBXFileReference; explicitFileType = wrapper.cfbundle; includeInIndex = 0; path = ShipHaulOSXTests.xctest; sourceTree = BUILT_PRODUCTS_DIR; };
		0B202E032BB48909000FF901 /* ShipHaulOSXTests.swift */ = {isa = PBXFileReference; lastKnownFileType = sourcecode.swift; path = ShipHaulOSXTests.swift; sourceTree = "<group>"; };
		0B202E092BB48909000FF901 /* ShipHaulOSXUITests.xctest */ = {isa = PBXFileReference; explicitFileType = wrapper.cfbundle; includeInIndex = 0; path = ShipHaulOSXUITests.xctest; sourceTree = BUILT_PRODUCTS_DIR; };
		0B202E0D2BB48909000FF901 /* ShipHaulOSXUITests.swift */ = {isa = PBXFileReference; lastKnownFileType = sourcecode.swift; path = ShipHaulOSXUITests.swift; sourceTree = "<group>"; };
		0B202E0F2BB48909000FF901 /* ShipHaulOSXUITestsLaunchTests.swift */ = {isa = PBXFileReference; lastKnownFileType = sourcecode.swift; path = ShipHaulOSXUITestsLaunchTests.swift; sourceTree = "<group>"; };
		0B202E1D2BB48CBC000FF901 /* libLookoutWebRenderer.dylib */ = {isa = PBXFileReference; lastKnownFileType = "compiled.mach-o.dylib"; name = libLookoutWebRenderer.dylib; path = ../../../renderer/build/libLookoutWebRenderer.dylib; sourceTree = "<group>"; };
/* End PBXFileReference section */

/* Begin PBXFrameworksBuildPhase section */
		0B202DEB2BB48907000FF901 /* Frameworks */ = {
			isa = PBXFrameworksBuildPhase;
			buildActionMask = 2147483647;
			files = (
				0B202E1E2BB48CBC000FF901 /* libLookoutWebRenderer.dylib in Frameworks */,
			);
			runOnlyForDeploymentPostprocessing = 0;
		};
		0B202DFC2BB48909000FF901 /* Frameworks */ = {
			isa = PBXFrameworksBuildPhase;
			buildActionMask = 2147483647;
			files = (
			);
			runOnlyForDeploymentPostprocessing = 0;
		};
		0B202E062BB48909000FF901 /* Frameworks */ = {
			isa = PBXFrameworksBuildPhase;
			buildActionMask = 2147483647;
			files = (
			);
			runOnlyForDeploymentPostprocessing = 0;
		};
/* End PBXFrameworksBuildPhase section */

/* Begin PBXGroup section */
		0B202DE52BB48907000FF901 = {
			isa = PBXGroup;
			children = (
				0B202DEF2BB48907000FF901 /* Products */,
				0B202DF02BB48907000FF901 /* ShipHaulOSX */,
				0B202E022BB48909000FF901 /* ShipHaulOSXTests */,
				0B202E0C2BB48909000FF901 /* ShipHaulOSXUITests */,
				0B202E1C2BB48CBC000FF901 /* Frameworks */,
			);
			sourceTree = "<group>";
		};
		0B202DEF2BB48907000FF901 /* Products */ = {
			isa = PBXGroup;
			children = (
				0B202DEE2BB48907000FF901 /* ShipHaulOSX.app */,
				0B202DFF2BB48909000FF901 /* ShipHaulOSXTests.xctest */,
				0B202E092BB48909000FF901 /* ShipHaulOSXUITests.xctest */,
			);
			name = Products;
			sourceTree = "<group>";
		};
		0B202DF02BB48907000FF901 /* ShipHaulOSX */ = {
			isa = PBXGroup;
			children = (
				0B202DF12BB48907000FF901 /* ShipHaulOSXApp.swift */,
				0B202DF32BB48907000FF901 /* ContentView.swift */,
				0B202DF52BB48909000FF901 /* Assets.xcassets */,
				0B202DFA2BB48909000FF901 /* ShipHaulOSX.entitlements */,
				0B202DF72BB48909000FF901 /* Preview Content */,
			);
			path = ShipHaulOSX;
			sourceTree = "<group>";
		};
		0B202DF72BB48909000FF901 /* Preview Content */ = {
			isa = PBXGroup;
			children = (
				0B202DF82BB48909000FF901 /* Preview Assets.xcassets */,
			);
			path = "Preview Content";
			sourceTree = "<group>";
		};
		0B202E022BB48909000FF901 /* ShipHaulOSXTests */ = {
			isa = PBXGroup;
			children = (
				0B202E032BB48909000FF901 /* ShipHaulOSXTests.swift */,
			);
			path = ShipHaulOSXTests;
			sourceTree = "<group>";
		};
		0B202E0C2BB48909000FF901 /* ShipHaulOSXUITests */ = {
			isa = PBXGroup;
			children = (
				0B202E0D2BB48909000FF901 /* ShipHaulOSXUITests.swift */,
				0B202E0F2BB48909000FF901 /* ShipHaulOSXUITestsLaunchTests.swift */,
			);
			path = ShipHaulOSXUITests;
			sourceTree = "<group>";
		};
		0B202E1C2BB48CBC000FF901 /* Frameworks */ = {
			isa = PBXGroup;
			children = (
				0B202E1D2BB48CBC000FF901 /* libLookoutWebRenderer.dylib */,
			);
			name = Frameworks;
			sourceTree = "<group>";
		};
/* End PBXGroup section */

/* Begin PBXNativeTarget section */
		0B202DED2BB48907000FF901 /* ShipHaulOSX */ = {
			isa = PBXNativeTarget;
			buildConfigurationList = 0B202E132BB48909000FF901 /* Build configuration list for PBXNativeTarget "ShipHaulOSX" */;
			buildPhases = (
				0B202DEA2BB48907000FF901 /* Sources */,
				0B202DEB2BB48907000FF901 /* Frameworks */,
				0B202DEC2BB48907000FF901 /* Resources */,
			);
			buildRules = (
			);
			dependencies = (
			);
			name = ShipHaulOSX;
			productName = ShipHaulOSX;
			productReference = 0B202DEE2BB48907000FF901 /* ShipHaulOSX.app */;
			productType = "com.apple.product-type.application";
		};
		0B202DFE2BB48909000FF901 /* ShipHaulOSXTests */ = {
			isa = PBXNativeTarget;
			buildConfigurationList = 0B202E162BB48909000FF901 /* Build configuration list for PBXNativeTarget "ShipHaulOSXTests" */;
			buildPhases = (
				0B202DFB2BB48909000FF901 /* Sources */,
				0B202DFC2BB48909000FF901 /* Frameworks */,
				0B202DFD2BB48909000FF901 /* Resources */,
			);
			buildRules = (
			);
			dependencies = (
				0B202E012BB48909000FF901 /* PBXTargetDependency */,
			);
			name = ShipHaulOSXTests;
			productName = ShipHaulOSXTests;
			productReference = 0B202DFF2BB48909000FF901 /* ShipHaulOSXTests.xctest */;
			productType = "com.apple.product-type.bundle.unit-test";
		};
		0B202E082BB48909000FF901 /* ShipHaulOSXUITests */ = {
			isa = PBXNativeTarget;
			buildConfigurationList = 0B202E192BB48909000FF901 /* Build configuration list for PBXNativeTarget "ShipHaulOSXUITests" */;
			buildPhases = (
				0B202E052BB48909000FF901 /* Sources */,
				0B202E062BB48909000FF901 /* Frameworks */,
				0B202E072BB48909000FF901 /* Resources */,
			);
			buildRules = (
			);
			dependencies = (
				0B202E0B2BB48909000FF901 /* PBXTargetDependency */,
			);
			name = ShipHaulOSXUITests;
			productName = ShipHaulOSXUITests;
			productReference = 0B202E092BB48909000FF901 /* ShipHaulOSXUITests.xctest */;
			productType = "com.apple.product-type.bundle.ui-testing";
		};
/* End PBXNativeTarget section */

/* Begin PBXProject section */
		0B202DE62BB48907000FF901 /* Project object */ = {
			isa = PBXProject;
			attributes = {
				BuildIndependentTargetsInParallel = 1;
				LastSwiftUpdateCheck = 1530;
				LastUpgradeCheck = 1530;
				TargetAttributes = {
					0B202DED2BB48907000FF901 = {
						CreatedOnToolsVersion = 15.3;
					};
					0B202DFE2BB48909000FF901 = {
						CreatedOnToolsVersion = 15.3;
						TestTargetID = 0B202DED2BB48907000FF901;
					};
					0B202E082BB48909000FF901 = {
						CreatedOnToolsVersion = 15.3;
						TestTargetID = 0B202DED2BB48907000FF901;
					};
				};
			};
			buildConfigurationList = 0B202DE92BB48907000FF901 /* Build configuration list for PBXProject "ShipHaulOSX" */;
			compatibilityVersion = "Xcode 14.0";
			developmentRegion = en;
			hasScannedForEncodings = 0;
			knownRegions = (
				en,
				Base,
			);
			mainGroup = 0B202DE52BB48907000FF901;
			productRefGroup = 0B202DEF2BB48907000FF901 /* Products */;
			projectDirPath = "";
			projectRoot = "";
			targets = (
				0B202DED2BB48907000FF901 /* ShipHaulOSX */,
				0B202DFE2BB48909000FF901 /* ShipHaulOSXTests */,
				0B202E082BB48909000FF901 /* ShipHaulOSXUITests */,
			);
		};
/* End PBXProject section */

/* Begin PBXResourcesBuildPhase section */
		0B202DEC2BB48907000FF901 /* Resources */ = {
			isa = PBXResourcesBuildPhase;
			buildActionMask = 2147483647;
			files = (
				0B202E1F2BB48EEC000FF901 /* libLookoutWebRenderer.dylib in Resources */,
				0B202DF92BB48909000FF901 /* Preview Assets.xcassets in Resources */,
				0B202DF62BB48909000FF901 /* Assets.xcassets in Resources */,
			);
			runOnlyForDeploymentPostprocessing = 0;
		};
		0B202DFD2BB48909000FF901 /* Resources */ = {
			isa = PBXResourcesBuildPhase;
			buildActionMask = 2147483647;
			files = (
			);
			runOnlyForDeploymentPostprocessing = 0;
		};
		0B202E072BB48909000FF901 /* Resources */ = {
			isa = PBXResourcesBuildPhase;
			buildActionMask = 2147483647;
			files = (
			);
			runOnlyForDeploymentPostprocessing = 0;
		};
/* End PBXResourcesBuildPhase section */

/* Begin PBXSourcesBuildPhase section */
		0B202DEA2BB48907000FF901 /* Sources */ = {
			isa = PBXSourcesBuildPhase;
			buildActionMask = 2147483647;
			files = (
				0B202DF42BB48907000FF901 /* ContentView.swift in Sources */,
				0B202DF22BB48907000FF901 /* ShipHaulOSXApp.swift in Sources */,
			);
			runOnlyForDeploymentPostprocessing = 0;
		};
		0B202DFB2BB48909000FF901 /* Sources */ = {
			isa = PBXSourcesBuildPhase;
			buildActionMask = 2147483647;
			files = (
				0B202E042BB48909000FF901 /* ShipHaulOSXTests.swift in Sources */,
			);
			runOnlyForDeploymentPostprocessing = 0;
		};
		0B202E052BB48909000FF901 /* Sources */ = {
			isa = PBXSourcesBuildPhase;
			buildActionMask = 2147483647;
			files = (
				0B202E0E2BB48909000FF901 /* ShipHaulOSXUITests.swift in Sources */,
				0B202E102BB48909000FF901 /* ShipHaulOSXUITestsLaunchTests.swift in Sources */,
			);
			runOnlyForDeploymentPostprocessing = 0;
		};
/* End PBXSourcesBuildPhase section */

/* Begin PBXTargetDependency section */
		0B202E012BB48909000FF901 /* PBXTargetDependency */ = {
			isa = PBXTargetDependency;
			target = 0B202DED2BB48907000FF901 /* ShipHaulOSX */;
			targetProxy = 0B202E002BB48909000FF901 /* PBXContainerItemProxy */;
		};
		0B202E0B2BB48909000FF901 /* PBXTargetDependency */ = {
			isa = PBXTargetDependency;
			target = 0B202DED2BB48907000FF901 /* ShipHaulOSX */;
			targetProxy = 0B202E0A2BB48909000FF901 /* PBXContainerItemProxy */;
		};
/* End PBXTargetDependency section */

/* Begin XCBuildConfiguration section */
		0B202E112BB48909000FF901 /* Debug */ = {
			isa = XCBuildConfiguration;
			buildSettings = {
				ALWAYS_SEARCH_USER_PATHS = NO;
				ASSETCATALOG_COMPILER_GENERATE_SWIFT_ASSET_SYMBOL_EXTENSIONS = YES;
				CLANG_ANALYZER_NONNULL = YES;
				CLANG_ANALYZER_NUMBER_OBJECT_CONVERSION = YES_AGGRESSIVE;
				CLANG_CXX_LANGUAGE_STANDARD = "gnu++20";
				CLANG_ENABLE_MODULES = YES;
				CLANG_ENABLE_OBJC_ARC = YES;
				CLANG_ENABLE_OBJC_WEAK = YES;
				CLANG_WARN_BLOCK_CAPTURE_AUTORELEASING = YES;
				CLANG_WARN_BOOL_CONVERSION = YES;
				CLANG_WARN_COMMA = YES;
				CLANG_WARN_CONSTANT_CONVERSION = YES;
				CLANG_WARN_DEPRECATED_OBJC_IMPLEMENTATIONS = YES;
				CLANG_WARN_DIRECT_OBJC_ISA_USAGE = YES_ERROR;
				CLANG_WARN_DOCUMENTATION_COMMENTS = YES;
				CLANG_WARN_EMPTY_BODY = YES;
				CLANG_WARN_ENUM_CONVERSION = YES;
				CLANG_WARN_INFINITE_RECURSION = YES;
				CLANG_WARN_INT_CONVERSION = YES;
				CLANG_WARN_NON_LITERAL_NULL_CONVERSION = YES;
				CLANG_WARN_OBJC_IMPLICIT_RETAIN_SELF = YES;
				CLANG_WARN_OBJC_LITERAL_CONVERSION = YES;
				CLANG_WARN_OBJC_ROOT_CLASS = YES_ERROR;
				CLANG_WARN_QUOTED_INCLUDE_IN_FRAMEWORK_HEADER = YES;
				CLANG_WARN_RANGE_LOOP_ANALYSIS = YES;
				CLANG_WARN_STRICT_PROTOTYPES = YES;
				CLANG_WARN_SUSPICIOUS_MOVE = YES;
				CLANG_WARN_UNGUARDED_AVAILABILITY = YES_AGGRESSIVE;
				CLANG_WARN_UNREACHABLE_CODE = YES;
				CLANG_WARN__DUPLICATE_METHOD_MATCH = YES;
				COPY_PHASE_STRIP = NO;
				DEBUG_INFORMATION_FORMAT = dwarf;
				ENABLE_STRICT_OBJC_MSGSEND = YES;
				ENABLE_TESTABILITY = YES;
				ENABLE_USER_SCRIPT_SANDBOXING = YES;
				GCC_C_LANGUAGE_STANDARD = gnu17;
				GCC_DYNAMIC_NO_PIC = NO;
				GCC_NO_COMMON_BLOCKS = YES;
				GCC_OPTIMIZATION_LEVEL = 0;
				GCC_PREPROCESSOR_DEFINITIONS = (
					"DEBUG=1",
					"$(inherited)",
				);
				GCC_WARN_64_TO_32_BIT_CONVERSION = YES;
				GCC_WARN_ABOUT_RETURN_TYPE = YES_ERROR;
				GCC_WARN_UNDECLARED_SELECTOR = YES;
				GCC_WARN_UNINITIALIZED_AUTOS = YES_AGGRESSIVE;
				GCC_WARN_UNUSED_FUNCTION = YES;
				GCC_WARN_UNUSED_VARIABLE = YES;
				LOCALIZATION_PREFERS_STRING_CATALOGS = YES;
				MACOSX_DEPLOYMENT_TARGET = 14.4;
				MTL_ENABLE_DEBUG_INFO = INCLUDE_SOURCE;
				MTL_FAST_MATH = YES;
				ONLY_ACTIVE_ARCH = YES;
				SDKROOT = macosx;
				SWIFT_ACTIVE_COMPILATION_CONDITIONS = "DEBUG $(inherited)";
				SWIFT_OPTIMIZATION_LEVEL = "-Onone";
			};
			name = Debug;
		};
		0B202E122BB48909000FF901 /* Release */ = {
			isa = XCBuildConfiguration;
			buildSettings = {
				ALWAYS_SEARCH_USER_PATHS = NO;
				ASSETCATALOG_COMPILER_GENERATE_SWIFT_ASSET_SYMBOL_EXTENSIONS = YES;
				CLANG_ANALYZER_NONNULL = YES;
				CLANG_ANALYZER_NUMBER_OBJECT_CONVERSION = YES_AGGRESSIVE;
				CLANG_CXX_LANGUAGE_STANDARD = "gnu++20";
				CLANG_ENABLE_MODULES = YES;
				CLANG_ENABLE_OBJC_ARC = YES;
				CLANG_ENABLE_OBJC_WEAK = YES;
				CLANG_WARN_BLOCK_CAPTURE_AUTORELEASING = YES;
				CLANG_WARN_BOOL_CONVERSION = YES;
				CLANG_WARN_COMMA = YES;
				CLANG_WARN_CONSTANT_CONVERSION = YES;
				CLANG_WARN_DEPRECATED_OBJC_IMPLEMENTATIONS = YES;
				CLANG_WARN_DIRECT_OBJC_ISA_USAGE = YES_ERROR;
				CLANG_WARN_DOCUMENTATION_COMMENTS = YES;
				CLANG_WARN_EMPTY_BODY = YES;
				CLANG_WARN_ENUM_CONVERSION = YES;
				CLANG_WARN_INFINITE_RECURSION = YES;
				CLANG_WARN_INT_CONVERSION = YES;
				CLANG_WARN_NON_LITERAL_NULL_CONVERSION = YES;
				CLANG_WARN_OBJC_IMPLICIT_RETAIN_SELF = YES;
				CLANG_WARN_OBJC_LITERAL_CONVERSION = YES;
				CLANG_WARN_OBJC_ROOT_CLASS = YES_ERROR;
				CLANG_WARN_QUOTED_INCLUDE_IN_FRAMEWORK_HEADER = YES;
				CLANG_WARN_RANGE_LOOP_ANALYSIS = YES;
				CLANG_WARN_STRICT_PROTOTYPES = YES;
				CLANG_WARN_SUSPICIOUS_MOVE = YES;
				CLANG_WARN_UNGUARDED_AVAILABILITY = YES_AGGRESSIVE;
				CLANG_WARN_UNREACHABLE_CODE = YES;
				CLANG_WARN__DUPLICATE_METHOD_MATCH = YES;
				COPY_PHASE_STRIP = NO;
				DEBUG_INFORMATION_FORMAT = "dwarf-with-dsym";
				ENABLE_NS_ASSERTIONS = NO;
				ENABLE_STRICT_OBJC_MSGSEND = YES;
				ENABLE_USER_SCRIPT_SANDBOXING = YES;
				GCC_C_LANGUAGE_STANDARD = gnu17;
				GCC_NO_COMMON_BLOCKS = YES;
				GCC_WARN_64_TO_32_BIT_CONVERSION = YES;
				GCC_WARN_ABOUT_RETURN_TYPE = YES_ERROR;
				GCC_WARN_UNDECLARED_SELECTOR = YES;
				GCC_WARN_UNINITIALIZED_AUTOS = YES_AGGRESSIVE;
				GCC_WARN_UNUSED_FUNCTION = YES;
				GCC_WARN_UNUSED_VARIABLE = YES;
				LOCALIZATION_PREFERS_STRING_CATALOGS = YES;
				MACOSX_DEPLOYMENT_TARGET = 14.4;
				MTL_ENABLE_DEBUG_INFO = NO;
				MTL_FAST_MATH = YES;
				SDKROOT = macosx;
				SWIFT_COMPILATION_MODE = wholemodule;
			};
			name = Release;
		};
		0B202E142BB48909000FF901 /* Debug */ = {
			isa = XCBuildConfiguration;
			buildSettings = {
				ASSETCATALOG_COMPILER_APPICON_NAME = AppIcon;
				ASSETCATALOG_COMPILER_GLOBAL_ACCENT_COLOR_NAME = AccentColor;
				CODE_SIGN_ENTITLEMENTS = ShipHaulOSX/ShipHaulOSX.entitlements;
				CODE_SIGN_STYLE = Automatic;
				COMBINE_HIDPI_IMAGES = YES;
				CURRENT_PROJECT_VERSION = 1;
				DEVELOPMENT_ASSET_PATHS = "\"ShipHaulOSX/Preview Content\"";
				ENABLE_PREVIEWS = YES;
				GENERATE_INFOPLIST_FILE = YES;
				HEADER_SEARCH_PATHS = ../../../renderer/include;
				INFOPLIST_KEY_NSHumanReadableCopyright = "";
				LD_RUNPATH_SEARCH_PATHS = (
					"$(inherited)",
					"@executable_path/../Frameworks",
					"@executable_path/../Resources",
				);
				LIBRARY_SEARCH_PATHS = ../../../renderer/build;
				MARKETING_VERSION = 1.0;
				PRODUCT_BUNDLE_IDENTIFIER = OSamuelAlmeida.ShipHaulOSX;
				PRODUCT_NAME = "$(TARGET_NAME)";
				SWIFT_EMIT_LOC_STRINGS = YES;
				SWIFT_VERSION = 5.0;
			};
			name = Debug;
		};
		0B202E152BB48909000FF901 /* Release */ = {
			isa = XCBuildConfiguration;
			buildSettings = {
				ASSETCATALOG_COMPILER_APPICON_NAME = AppIcon;
				ASSETCATALOG_COMPILER_GLOBAL_ACCENT_COLOR_NAME = AccentColor;
				CODE_SIGN_ENTITLEMENTS = ShipHaulOSX/ShipHaulOSX.entitlements;
				CODE_SIGN_STYLE = Automatic;
				COMBINE_HIDPI_IMAGES = YES;
				CURRENT_PROJECT_VERSION = 1;
				DEVELOPMENT_ASSET_PATHS = "\"ShipHaulOSX/Preview Content\"";
				ENABLE_PREVIEWS = YES;
				GENERATE_INFOPLIST_FILE = YES;
				HEADER_SEARCH_PATHS = ../../../renderer/include;
				INFOPLIST_KEY_NSHumanReadableCopyright = "";
				LD_RUNPATH_SEARCH_PATHS = (
					"$(inherited)",
					"@executable_path/../Frameworks",
					"@executable_path/../Resources",
				);
				LIBRARY_SEARCH_PATHS = ../../../renderer/build;
				MARKETING_VERSION = 1.0;
				PRODUCT_BUNDLE_IDENTIFIER = OSamuelAlmeida.ShipHaulOSX;
				PRODUCT_NAME = "$(TARGET_NAME)";
				SWIFT_EMIT_LOC_STRINGS = YES;
				SWIFT_VERSION = 5.0;
			};
			name = Release;
		};
		0B202E172BB48909000FF901 /* Debug */ = {
			isa = XCBuildConfiguration;
			buildSettings = {
				ALWAYS_EMBED_SWIFT_STANDARD_LIBRARIES = YES;
				BUNDLE_LOADER = "$(TEST_HOST)";
				CODE_SIGN_STYLE = Automatic;
				CURRENT_PROJECT_VERSION = 1;
				GENERATE_INFOPLIST_FILE = YES;
				MACOSX_DEPLOYMENT_TARGET = 14.4;
				MARKETING_VERSION = 1.0;
				PRODUCT_BUNDLE_IDENTIFIER = OSamuelAlmeida.ShipHaulOSXTests;
				PRODUCT_NAME = "$(TARGET_NAME)";
				SWIFT_EMIT_LOC_STRINGS = NO;
				SWIFT_VERSION = 5.0;
				TEST_HOST = "$(BUILT_PRODUCTS_DIR)/ShipHaulOSX.app/$(BUNDLE_EXECUTABLE_FOLDER_PATH)/ShipHaulOSX";
			};
			name = Debug;
		};
		0B202E182BB48909000FF901 /* Release */ = {
			isa = XCBuildConfiguration;
			buildSettings = {
				ALWAYS_EMBED_SWIFT_STANDARD_LIBRARIES = YES;
				BUNDLE_LOADER = "$(TEST_HOST)";
				CODE_SIGN_STYLE = Automatic;
				CURRENT_PROJECT_VERSION = 1;
				GENERATE_INFOPLIST_FILE = YES;
				MACOSX_DEPLOYMENT_TARGET = 14.4;
				MARKETING_VERSION = 1.0;
				PRODUCT_BUNDLE_IDENTIFIER = OSamuelAlmeida.ShipHaulOSXTests;
				PRODUCT_NAME = "$(TARGET_NAME)";
				SWIFT_EMIT_LOC_STRINGS = NO;
				SWIFT_VERSION = 5.0;
				TEST_HOST = "$(BUILT_PRODUCTS_DIR)/ShipHaulOSX.app/$(BUNDLE_EXECUTABLE_FOLDER_PATH)/ShipHaulOSX";
			};
			name = Release;
		};
		0B202E1A2BB48909000FF901 /* Debug */ = {
			isa = XCBuildConfiguration;
			buildSettings = {
				ALWAYS_EMBED_SWIFT_STANDARD_LIBRARIES = YES;
				CODE_SIGN_STYLE = Automatic;
				CURRENT_PROJECT_VERSION = 1;
				GENERATE_INFOPLIST_FILE = YES;
				MARKETING_VERSION = 1.0;
				PRODUCT_BUNDLE_IDENTIFIER = OSamuelAlmeida.ShipHaulOSXUITests;
				PRODUCT_NAME = "$(TARGET_NAME)";
				SWIFT_EMIT_LOC_STRINGS = NO;
				SWIFT_VERSION = 5.0;
				TEST_TARGET_NAME = ShipHaulOSX;
			};
			name = Debug;
		};
		0B202E1B2BB48909000FF901 /* Release */ = {
			isa = XCBuildConfiguration;
			buildSettings = {
				ALWAYS_EMBED_SWIFT_STANDARD_LIBRARIES = YES;
				CODE_SIGN_STYLE = Automatic;
				CURRENT_PROJECT_VERSION = 1;
				GENERATE_INFOPLIST_FILE = YES;
				MARKETING_VERSION = 1.0;
				PRODUCT_BUNDLE_IDENTIFIER = OSamuelAlmeida.ShipHaulOSXUITests;
				PRODUCT_NAME = "$(TARGET_NAME)";
				SWIFT_EMIT_LOC_STRINGS = NO;
				SWIFT_VERSION = 5.0;
				TEST_TARGET_NAME = ShipHaulOSX;
			};
			name = Release;
		};
/* End XCBuildConfiguration section */

/* Begin XCConfigurationList section */
		0B202DE92BB48907000FF901 /* Build configuration list for PBXProject "ShipHaulOSX" */ = {
			isa = XCConfigurationList;
			buildConfigurations = (
				0B202E112BB48909000FF901 /* Debug */,
				0B202E122BB48909000FF901 /* Release */,
			);
			defaultConfigurationIsVisible = 0;
			defaultConfigurationName = Release;
		};
		0B202E132BB48909000FF901 /* Build configuration list for PBXNativeTarget "ShipHaulOSX" */ = {
			isa = XCConfigurationList;
			buildConfigurations = (
				0B202E142BB48909000FF901 /* Debug */,
				0B202E152BB48909000FF901 /* Release */,
			);
			defaultConfigurationIsVisible = 0;
			defaultConfigurationName = Release;
		};
		0B202E162BB48909000FF901 /* Build configuration list for PBXNativeTarget "ShipHaulOSXTests" */ = {
			isa = XCConfigurationList;
			buildConfigurations = (
				0B202E172BB48909000FF901 /* Debug */,
				0B202E182BB48909000FF901 /* Release */,
			);
			defaultConfigurationIsVisible = 0;
			defaultConfigurationName = Release;
		};
		0B202E192BB48909000FF901 /* Build configuration list for PBXNativeTarget "ShipHaulOSXUITests" */ = {
			isa = XCConfigurationList;
			buildConfigurations = (
				0B202E1A2BB48909000FF901 /* Debug */,
				0B202E1B2BB48909000FF901 /* Release */,
			);
			defaultConfigurationIsVisible = 0;
			defaultConfigurationName = Release;
		};
/* End XCConfigurationList section */
	};
	rootObject = 0B202DE62BB48907000FF901 /* Project object */;
}
